<?xml version="1.0" encoding="utf-8"?>
<Project ToolsVersion="4.0" xmlns="http://schemas.microsoft.com/developer/msbuild/2003">
  <ItemGroup>
    <ClCompile Include="Adicionar_Conta.c">
      <Filter>Source Files</Filter>
    </ClCompile>
    <ClCompile Include="Apagar_Conta.c">
      <Filter>Source Files</Filter>
    </ClCompile>
    <ClCompile Include="Carrega_fich_bin.c">
      <Filter>Source Files</Filter>
    </ClCompile>
    <ClCompile Include="Cria_fich_bin.c">
      <Filter>Source Files</Filter>
    </ClCompile>
    <ClCompile Include="Desencripta.c">
      <Filter>Source Files</Filter>
    </ClCompile>
    <ClCompile Include="Editar_Conta.c">
      <Filter>Source Files</Filter>
    </ClCompile>
    <ClCompile Include="Encripta.c">
      <Filter>Source Files</Filter>
    </ClCompile>
    <ClCompile Include="entradas_int.c">
      <Filter>Source Files</Filter>
    </ClCompile>
    <ClCompile Include="escreve_ficheiro.c">
      <Filter>Source Files</Filter>
    </ClCompile>
    <ClCompile Include="Gera_Pass_Auto.c">
      <Filter>Source Files</Filter>
    </ClCompile>
    <ClCompile Include="Login.c">
      <Filter>Source Files</Filter>
    </ClCompile>
    <ClCompile Include="main.c">
      <Filter>Source Files</Filter>
    </ClCompile>
    <ClCompile Include="manual_instrucao.c">
      <Filter>Source Files</Filter>
    </ClCompile>
    <ClCompile Include="menu.c">
      <Filter>Source Files</Filter>
    </ClCompile>
    <ClCompile Include="menu_contas.c">
      <Filter>Source Files</Filter>
    </ClCompile>
    <ClCompile Include="Pesquisar_Conta.c">
      <Filter>Source Files</Filter>
    </ClCompile>
    <ClCompile Include="recupera_MasterKey.c">
      <Filter>Source Files</Filter>
    </ClCompile>
    <ClCompile Include="Registo.c">
      <Filter>Source Files</Filter>
    </ClCompile>
    <ClCompile Include="Shortcut.c">
      <Filter>Source Files</Filter>
    </ClCompile>
    <ClCompile Include="ShortcutColar.c">
      <Filter>Source Files</Filter>
    </ClCompile>
    <ClCompile Include="titulo.c">
      <Filter>Source Files</Filter>
    </ClCompile>
    <ClCompile Include="verifica_master_guidelines.c">
      <Filter>Source Files</Filter>
    </ClCompile>
    <ClCompile Include="minusculas.c">
      <Filter>Source Files</Filter>
    </ClCompile>
    <ClCompile Include="CuTest.c">
      <Filter>Source Files</Filter>
    </ClCompile>
    <ClCompile Include="Testes.c">
      <Filter>Source Files</Filter>
    </ClCompile>
  </ItemGroup>
  <ItemGroup>
    <ClInclude Include="Bibliotecas.h">
      <Filter>Header Files</Filter>
    </ClInclude>
    <ClInclude Include="dirent.h">
      <Filter>Header Files</Filter>
    </ClInclude>
    <ClInclude Include="Estruturas_e_Prototipos.h">
      <Filter>Header Files</Filter>
    </ClInclude>
    <ClInclude Include="CuTest.h">
      <Filter>Header Files</Filter>
    </ClInclude>
  </ItemGroup>
  <ItemGroup>
    <Filter Include="Source Files">
      <UniqueIdentifier>{e3c4aee1-2535-45eb-9a4c-7b408692043c}</UniqueIdentifier>
    </Filter>
    <Filter Include="Header Files">
      <UniqueIdentifier>{6115506b-4e1f-4980-8712-57ab7ef4fa9e}</UniqueIdentifier>
    </Filter>
    <Filter Include="Resource Files">
      <UniqueIdentifier>{46f714ef-9c7f-44ad-92da-06f2026e9057}</UniqueIdentifier>
    </Filter>
  </ItemGroup>
</Project>